
Microsoft Visual Studio Solution File, Format Version 12.00
# Visual Studio Version 17
VisualStudioVersion = 17.5.33424.131
MinimumVisualStudioVersion = 10.0.40219.1
Project("{9A19103F-16F7-4668-BE54-9A1E7A4F7556}") = "Our.Umbraco.TheDashboard", "src\Our.Umbraco.TheDashboard\Our.Umbraco.TheDashboard.csproj", "{8CD0909E-ED05-432E-A51A-823781D63B04}"
EndProject
Project("{9A19103F-16F7-4668-BE54-9A1E7A4F7556}") = "Our.Umbraco.TheDashboard.Testsite", "samples\UmbracoTestSite\UmbracoTestSite.csproj", "{D33D725B-F8B0-476A-AE5B-497A4D1DA307}"
EndProject
Project("{2150E333-8FDC-42A3-9474-1A3956D46DE8}") = "Solution", "Solution", "{0DA92095-3A99-446F-987F-045662A657A2}"
	ProjectSection(SolutionItems) = preProject
		.gitignore = .gitignore
		LICENSE = LICENSE
		README.md = README.md
		umbraco-marketplace.json = umbraco-marketplace.json
	EndProjectSection
EndProject
Global
	GlobalSection(SolutionConfigurationPlatforms) = preSolution
		Debug|Any CPU = Debug|Any CPU
		Release|Any CPU = Release|Any CPU
	EndGlobalSection
	GlobalSection(ProjectConfigurationPlatforms) = postSolution
		{8CD0909E-ED05-432E-A51A-823781D63B04}.Debug|Any CPU.ActiveCfg = Debug|Any CPU
		{8CD0909E-ED05-432E-A51A-823781D63B04}.Debug|Any CPU.Build.0 = Debug|Any CPU
		{8CD0909E-ED05-432E-A51A-823781D63B04}.Release|Any CPU.ActiveCfg = Release|Any CPU
		{8CD0909E-ED05-432E-A51A-823781D63B04}.Release|Any CPU.Build.0 = Release|Any CPU
		{D33D725B-F8B0-476A-AE5B-497A4D1DA307}.Debug|Any CPU.ActiveCfg = Debug|Any CPU
		{D33D725B-F8B0-476A-AE5B-497A4D1DA307}.Debug|Any CPU.Build.0 = Debug|Any CPU
		{D33D725B-F8B0-476A-AE5B-497A4D1DA307}.Release|Any CPU.ActiveCfg = Release|Any CPU
		{D33D725B-F8B0-476A-AE5B-497A4D1DA307}.Release|Any CPU.Build.0 = Release|Any CPU
	EndGlobalSection
	GlobalSection(SolutionProperties) = preSolution
		HideSolutionNode = FALSE
	EndGlobalSection
	GlobalSection(ExtensibilityGlobals) = postSolution
		SolutionGuid = {3CAE3623-ACFD-498F-9722-302D2B538BCD}
	EndGlobalSection
EndGlobal
