
Microsoft Visual Studio Solution File, Format Version 12.00
# Visual Studio 2013
VisualStudioVersion = 12.0.31101.0
MinimumVisualStudioVersion = 10.0.40219.1
Project("{FAE04EC0-301F-11D3-BF4B-00C04F79EFBC}") = "Umbraco7.Web.UI", "Umbraco7.Web.UI\Umbraco7.Web.UI.csproj", "{FA97500C-AD47-432D-B8B6-300F2A0BCC4D}"
EndProject
Project("{FAE04EC0-301F-11D3-BF4B-00C04F79EFBC}") = "TheDashboard", "TheDashboard\TheDashboard.csproj", "{967D7390-8E24-4E90-BEC4-F1C39231A92E}"
EndProject
Project("{2150E333-8FDC-42A3-9474-1A3956D46DE8}") = "Solution items", "Solution items", "{B2B3088F-D407-4020-8D56-107D9F938F19}"
	ProjectSection(SolutionItems) = preProject
		.gitignore = .gitignore
		..\..\..\..\..\Downloads\Vorto-master\Vorto-master\MIT-LICENSE.txt = ..\..\..\..\..\Downloads\Vorto-master\Vorto-master\MIT-LICENSE.txt
		Package.build.cmd = Package.build.cmd
		Package.build.xml = Package.build.xml
		Package.nuspec = Package.nuspec
		Package.xml = Package.xml
		README.md = README.md
	EndProjectSection
EndProject
Global
	GlobalSection(SolutionConfigurationPlatforms) = preSolution
		Debug|Any CPU = Debug|Any CPU
		Release|Any CPU = Release|Any CPU
	EndGlobalSection
	GlobalSection(ProjectConfigurationPlatforms) = postSolution
		{FA97500C-AD47-432D-B8B6-300F2A0BCC4D}.Debug|Any CPU.ActiveCfg = Debug|Any CPU
		{FA97500C-AD47-432D-B8B6-300F2A0BCC4D}.Debug|Any CPU.Build.0 = Debug|Any CPU
		{FA97500C-AD47-432D-B8B6-300F2A0BCC4D}.Release|Any CPU.ActiveCfg = Release|Any CPU
		{FA97500C-AD47-432D-B8B6-300F2A0BCC4D}.Release|Any CPU.Build.0 = Release|Any CPU
		{967D7390-8E24-4E90-BEC4-F1C39231A92E}.Debug|Any CPU.ActiveCfg = Debug|Any CPU
		{967D7390-8E24-4E90-BEC4-F1C39231A92E}.Debug|Any CPU.Build.0 = Debug|Any CPU
		{967D7390-8E24-4E90-BEC4-F1C39231A92E}.Release|Any CPU.ActiveCfg = Release|Any CPU
		{967D7390-8E24-4E90-BEC4-F1C39231A92E}.Release|Any CPU.Build.0 = Release|Any CPU
	EndGlobalSection
	GlobalSection(SolutionProperties) = preSolution
		HideSolutionNode = FALSE
	EndGlobalSection
EndGlobal
